
Microsoft Visual Studio Solution File, Format Version 12.00
# Visual Studio Version 16
VisualStudioVersion = 16.0.30907.101
MinimumVisualStudioVersion = 10.0.40219.1
Project("{FAE04EC0-301F-11D3-BF4B-00C04F79EFBC}") = "Xamarin tutorial.Android", "Xamarin tutorial\Xamarin tutorial.Android\Xamarin tutorial.Android.csproj", "{27F74246-3FC5-4AF7-8E0F-9113665E58C8}"
EndProject
Project("{FAE04EC0-301F-11D3-BF4B-00C04F79EFBC}") = "Xamarin tutorial.iOS", "Xamarin tutorial\Xamarin tutorial.iOS\Xamarin tutorial.iOS.csproj", "{9FE36A42-5BC0-4668-B532-06D0622E6B03}"
EndProject
Project("{9A19103F-16F7-4668-BE54-9A1E7A4F7556}") = "Xamarin tutorial", "Xamarin tutorial\Xamarin tutorial\Xamarin tutorial.csproj", "{F30CC0D7-8B4F-4FE2-B465-BC354532FABA}"
EndProject
Global
	GlobalSection(SolutionConfigurationPlatforms) = preSolution
		Debug|Any CPU = Debug|Any CPU
		Debug|iPhone = Debug|iPhone
		Debug|iPhoneSimulator = Debug|iPhoneSimulator
		Release|Any CPU = Release|Any CPU
		Release|iPhone = Release|iPhone
		Release|iPhoneSimulator = Release|iPhoneSimulator
	EndGlobalSection
	GlobalSection(ProjectConfigurationPlatforms) = postSolution
		{27F74246-3FC5-4AF7-8E0F-9113665E58C8}.Debug|Any CPU.ActiveCfg = Debug|Any CPU
		{27F74246-3FC5-4AF7-8E0F-9113665E58C8}.Debug|Any CPU.Build.0 = Debug|Any CPU
		{27F74246-3FC5-4AF7-8E0F-9113665E58C8}.Debug|Any CPU.Deploy.0 = Debug|Any CPU
		{27F74246-3FC5-4AF7-8E0F-9113665E58C8}.Debug|iPhone.ActiveCfg = Debug|Any CPU
		{27F74246-3FC5-4AF7-8E0F-9113665E58C8}.Debug|iPhone.Build.0 = Debug|Any CPU
		{27F74246-3FC5-4AF7-8E0F-9113665E58C8}.Debug|iPhone.Deploy.0 = Debug|Any CPU
		{27F74246-3FC5-4AF7-8E0F-9113665E58C8}.Debug|iPhoneSimulator.ActiveCfg = Debug|Any CPU
		{27F74246-3FC5-4AF7-8E0F-9113665E58C8}.Debug|iPhoneSimulator.Build.0 = Debug|Any CPU
		{27F74246-3FC5-4AF7-8E0F-9113665E58C8}.Debug|iPhoneSimulator.Deploy.0 = Debug|Any CPU
		{27F74246-3FC5-4AF7-8E0F-9113665E58C8}.Release|Any CPU.ActiveCfg = Release|Any CPU
		{27F74246-3FC5-4AF7-8E0F-9113665E58C8}.Release|Any CPU.Build.0 = Release|Any CPU
		{27F74246-3FC5-4AF7-8E0F-9113665E58C8}.Release|Any CPU.Deploy.0 = Release|Any CPU
		{27F74246-3FC5-4AF7-8E0F-9113665E58C8}.Release|iPhone.ActiveCfg = Release|Any CPU
		{27F74246-3FC5-4AF7-8E0F-9113665E58C8}.Release|iPhone.Build.0 = Release|Any CPU
		{27F74246-3FC5-4AF7-8E0F-9113665E58C8}.Release|iPhone.Deploy.0 = Release|Any CPU
		{27F74246-3FC5-4AF7-8E0F-9113665E58C8}.Release|iPhoneSimulator.ActiveCfg = Release|Any CPU
		{27F74246-3FC5-4AF7-8E0F-9113665E58C8}.Release|iPhoneSimulator.Build.0 = Release|Any CPU
		{27F74246-3FC5-4AF7-8E0F-9113665E58C8}.Release|iPhoneSimulator.Deploy.0 = Release|Any CPU
		{9FE36A42-5BC0-4668-B532-06D0622E6B03}.Debug|Any CPU.ActiveCfg = Debug|iPhone
		{9FE36A42-5BC0-4668-B532-06D0622E6B03}.Debug|Any CPU.Build.0 = Debug|iPhone
		{9FE36A42-5BC0-4668-B532-06D0622E6B03}.Debug|Any CPU.Deploy.0 = Debug|iPhone
		{9FE36A42-5BC0-4668-B532-06D0622E6B03}.Debug|iPhone.ActiveCfg = Debug|iPhone
		{9FE36A42-5BC0-4668-B532-06D0622E6B03}.Debug|iPhone.Build.0 = Debug|iPhone
		{9FE36A42-5BC0-4668-B532-06D0622E6B03}.Debug|iPhone.Deploy.0 = Debug|iPhone
		{9FE36A42-5BC0-4668-B532-06D0622E6B03}.Debug|iPhoneSimulator.ActiveCfg = Debug|iPhoneSimulator
		{9FE36A42-5BC0-4668-B532-06D0622E6B03}.Debug|iPhoneSimulator.Build.0 = Debug|iPhoneSimulator
		{9FE36A42-5BC0-4668-B532-06D0622E6B03}.Debug|iPhoneSimulator.Deploy.0 = Debug|iPhoneSimulator
		{9FE36A42-5BC0-4668-B532-06D0622E6B03}.Release|Any CPU.ActiveCfg = Release|iPhoneSimulator
		{9FE36A42-5BC0-4668-B532-06D0622E6B03}.Release|Any CPU.Build.0 = Release|iPhoneSimulator
		{9FE36A42-5BC0-4668-B532-06D0622E6B03}.Release|Any CPU.Deploy.0 = Release|iPhoneSimulator
		{9FE36A42-5BC0-4668-B532-06D0622E6B03}.Release|iPhone.ActiveCfg = Release|iPhone
		{9FE36A42-5BC0-4668-B532-06D0622E6B03}.Release|iPhone.Build.0 = Release|iPhone
		{9FE36A42-5BC0-4668-B532-06D0622E6B03}.Release|iPhone.Deploy.0 = Release|iPhone
		{9FE36A42-5BC0-4668-B532-06D0622E6B03}.Release|iPhoneSimulator.ActiveCfg = Release|iPhoneSimulator
		{9FE36A42-5BC0-4668-B532-06D0622E6B03}.Release|iPhoneSimulator.Build.0 = Release|iPhoneSimulator
		{9FE36A42-5BC0-4668-B532-06D0622E6B03}.Release|iPhoneSimulator.Deploy.0 = Release|iPhoneSimulator
		{F30CC0D7-8B4F-4FE2-B465-BC354532FABA}.Debug|Any CPU.ActiveCfg = Debug|Any CPU
		{F30CC0D7-8B4F-4FE2-B465-BC354532FABA}.Debug|Any CPU.Build.0 = Debug|Any CPU
		{F30CC0D7-8B4F-4FE2-B465-BC354532FABA}.Debug|Any CPU.Deploy.0 = Debug|Any CPU
		{F30CC0D7-8B4F-4FE2-B465-BC354532FABA}.Debug|iPhone.ActiveCfg = Debug|Any CPU
		{F30CC0D7-8B4F-4FE2-B465-BC354532FABA}.Debug|iPhone.Build.0 = Debug|Any CPU
		{F30CC0D7-8B4F-4FE2-B465-BC354532FABA}.Debug|iPhone.Deploy.0 = Debug|Any CPU
		{F30CC0D7-8B4F-4FE2-B465-BC354532FABA}.Debug|iPhoneSimulator.ActiveCfg = Debug|Any CPU
		{F30CC0D7-8B4F-4FE2-B465-BC354532FABA}.Debug|iPhoneSimulator.Build.0 = Debug|Any CPU
		{F30CC0D7-8B4F-4FE2-B465-BC354532FABA}.Debug|iPhoneSimulator.Deploy.0 = Debug|Any CPU
		{F30CC0D7-8B4F-4FE2-B465-BC354532FABA}.Release|Any CPU.ActiveCfg = Release|Any CPU
		{F30CC0D7-8B4F-4FE2-B465-BC354532FABA}.Release|Any CPU.Build.0 = Release|Any CPU
		{F30CC0D7-8B4F-4FE2-B465-BC354532FABA}.Release|Any CPU.Deploy.0 = Release|Any CPU
		{F30CC0D7-8B4F-4FE2-B465-BC354532FABA}.Release|iPhone.ActiveCfg = Release|Any CPU
		{F30CC0D7-8B4F-4FE2-B465-BC354532FABA}.Release|iPhone.Build.0 = Release|Any CPU
		{F30CC0D7-8B4F-4FE2-B465-BC354532FABA}.Release|iPhone.Deploy.0 = Release|Any CPU
		{F30CC0D7-8B4F-4FE2-B465-BC354532FABA}.Release|iPhoneSimulator.ActiveCfg = Release|Any CPU
		{F30CC0D7-8B4F-4FE2-B465-BC354532FABA}.Release|iPhoneSimulator.Build.0 = Release|Any CPU
		{F30CC0D7-8B4F-4FE2-B465-BC354532FABA}.Release|iPhoneSimulator.Deploy.0 = Release|Any CPU
	EndGlobalSection
	GlobalSection(SolutionProperties) = preSolution
		HideSolutionNode = FALSE
	EndGlobalSection
	GlobalSection(ExtensibilityGlobals) = postSolution
		SolutionGuid = {E3C6C168-CC6D-47CE-A176-05EB2DA6529A}
	EndGlobalSection
EndGlobal
