
Microsoft Visual Studio Solution File, Format Version 12.00
# Visual Studio Version 16
VisualStudioVersion = 16.0.31105.61
MinimumVisualStudioVersion = 10.0.40219.1
Project("{FAE04EC0-301F-11D3-BF4B-00C04F79EFBC}") = "SalaryPlanner", "SalaryPlanner.csproj", "{20B6556C-E76A-45ED-ABD1-FE29C25F6A7A}"
EndProject
Global
	GlobalSection(SolutionConfigurationPlatforms) = preSolution
		Debug|Any CPU = Debug|Any CPU
		Release|Any CPU = Release|Any CPU
	EndGlobalSection
	GlobalSection(ProjectConfigurationPlatforms) = postSolution
		{20B6556C-E76A-45ED-ABD1-FE29C25F6A7A}.Debug|Any CPU.ActiveCfg = Debug|Any CPU
		{20B6556C-E76A-45ED-ABD1-FE29C25F6A7A}.Debug|Any CPU.Build.0 = Debug|Any CPU
		{20B6556C-E76A-45ED-ABD1-FE29C25F6A7A}.Debug|Any CPU.Deploy.0 = Debug|Any CPU
		{20B6556C-E76A-45ED-ABD1-FE29C25F6A7A}.Release|Any CPU.ActiveCfg = Release|Any CPU
		{20B6556C-E76A-45ED-ABD1-FE29C25F6A7A}.Release|Any CPU.Build.0 = Release|Any CPU
		{20B6556C-E76A-45ED-ABD1-FE29C25F6A7A}.Release|Any CPU.Deploy.0 = Release|Any CPU
	EndGlobalSection
	GlobalSection(SolutionProperties) = preSolution
		HideSolutionNode = FALSE
	EndGlobalSection
	GlobalSection(ExtensibilityGlobals) = postSolution
		SolutionGuid = {035EC0FE-9925-4AF2-8810-135515CC2FF7}
	EndGlobalSection
EndGlobal
